{
  "version": 4,
  "terraform_version": "1.3.0",
  "serial": 25,
  "lineage": "b7b1969d-d53e-3b9d-f1d9-3f72679bfd9b",
  "outputs": {},
  "resources": [
    {
      "mode": "data",
      "type": "aws_caller_identity",
      "name": "current",
      "provider": "provider[\"registry.terraform.io/hashicorp/aws\"]",
      "instances": [
        {
          "schema_version": 0,
          "attributes": {
            "account_id": "000000000000",
            "arn": "arn:aws:iam::000000000000:root",
            "id": "000000000000",
            "user_id": "AKIAIOSFODNN7EXAMPLE"
          },
          "sensitive_attributes": []
        }
      ]
    },
    {
      "mode": "data",
      "type": "aws_iam_policy_document",
      "name": "sns_topic_policy",
      "provider": "provider[\"registry.terraform.io/hashicorp/aws\"]",
      "instances": [
        {
          "schema_version": 0,
          "attributes": {
            "id": "1568206627",
            "json": "{\n  \"Version\": \"2012-10-17\",\n  \"Id\": \"default-test-local-topic_default_policy_id\",\n  \"Statement\": [\n    {\n      \"Sid\": \"default-test-local-topic_default_statement_id\",\n      \"Effect\": \"Allow\",\n      \"Action\": [\n        \"SNS:Subscribe\",\n        \"SNS:SetTopicAttributes\",\n        \"SNS:RemovePermission\",\n        \"SNS:Receive\",\n        \"SNS:Publish\",\n        \"SNS:ListSubscriptionsByTopic\",\n        \"SNS:GetTopicAttributes\",\n        \"SNS:DeleteTopic\",\n        \"SNS:AddPermission\"\n      ],\n      \"Resource\": \"*\",\n      \"Principal\": {\n        \"AWS\": \"*\"\n      },\n      \"Condition\": {\n        \"StringEquals\": {\n          \"AWS:SourceOwner\": \"000000000000\"\n        }\n      }\n    }\n  ]\n}",
            "override_json": null,
            "override_policy_documents": null,
            "policy_id": "default-test-local-topic_default_policy_id",
            "source_json": null,
            "source_policy_documents": null,
            "statement": [
              {
                "actions": [
                  "SNS:AddPermission",
                  "SNS:DeleteTopic",
                  "SNS:GetTopicAttributes",
                  "SNS:ListSubscriptionsByTopic",
                  "SNS:Publish",
                  "SNS:Receive",
                  "SNS:RemovePermission",
                  "SNS:SetTopicAttributes",
                  "SNS:Subscribe"
                ],
                "condition": [
                  {
                    "test": "StringEquals",
                    "values": [
                      "000000000000"
                    ],
                    "variable": "AWS:SourceOwner"
                  }
                ],
                "effect": "Allow",
                "not_actions": [],
                "not_principals": [],
                "not_resources": [],
                "principals": [
                  {
                    "identifiers": [
                      "*"
                    ],
                    "type": "AWS"
                  }
                ],
                "resources": [
                  "*"
                ],
                "sid": "default-test-local-topic_default_statement_id"
              }
            ],
            "version": "2012-10-17"
          },
          "sensitive_attributes": []
        }
      ]
    },
    {
      "mode": "managed",
      "type": "aws_instance",
      "name": "myserver",
      "provider": "provider[\"registry.terraform.io/hashicorp/aws\"]",
      "instances": [
        {
          "index_key": 0,
          "schema_version": 1,
          "attributes": {
            "ami": "ami-830c94e3",
            "arn": "arn:aws:ec2:us-east-1::instance/i-2b42c76b56ffee6ca",
            "associate_public_ip_address": true,
            "availability_zone": "us-east-1a",
            "capacity_reservation_specification": [],
            "cpu_core_count": null,
            "cpu_threads_per_core": null,
            "credit_specification": [
              {
                "cpu_credits": "standard"
              }
            ],
            "disable_api_termination": false,
            "ebs_block_device": [],
            "ebs_optimized": false,
            "enclave_options": [],
            "ephemeral_block_device": [],
            "get_password_data": false,
            "hibernation": null,
            "host_id": null,
            "iam_instance_profile": "",
            "id": "i-2b42c76b56ffee6ca",
            "instance_initiated_shutdown_behavior": "stop",
            "instance_state": "running",
            "instance_type": "t2.micro",
            "ipv6_address_count": 0,
            "ipv6_addresses": [],
            "key_name": "",
            "launch_template": [],
            "metadata_options": [],
            "monitoring": false,
            "network_interface": [],
            "outpost_arn": "",
            "password_data": "",
            "placement_group": "",
            "placement_partition_number": null,
            "primary_network_interface_id": "eni-1ec1218c",
            "private_dns": "ip-10-75-4-75.ec2.internal",
            "private_ip": "10.75.4.75",
            "public_dns": "ec2-54-214-59-235.compute-1.amazonaws.com",
            "public_ip": "54.214.59.235",
            "root_block_device": [
              {
                "delete_on_termination": true,
                "device_name": "/dev/sda1",
                "encrypted": false,
                "iops": 0,
                "kms_key_id": "",
                "tags": {},
                "throughput": 0,
                "volume_id": "vol-cfdc5364",
                "volume_size": 8,
                "volume_type": "gp2"
              }
            ],
            "secondary_private_ips": [],
            "security_groups": [],
            "source_dest_check": true,
            "subnet_id": "subnet-2b4ef295",
            "tags": {
              "Name": "Server1"
            },
            "tags_all": {
              "Name": "Server1"
            },
            "tenancy": "default",
            "timeouts": null,
            "user_data": null,
            "user_data_base64": null,
            "volume_tags": null,
            "vpc_security_group_ids": []
          },
          "sensitive_attributes": [],
          "private": "eyJlMmJmYjczMC1lY2FhLTExZTYtOGY4OC0zNDM2M2JjN2M0YzAiOnsiY3JlYXRlIjo2MDAwMDAwMDAwMDAsImRlbGV0ZSI6MTIwMDAwMDAwMDAwMCwidXBkYXRlIjo2MDAwMDAwMDAwMDB9LCJzY2hlbWFfdmVyc2lvbiI6IjEifQ=="
        },
        {
          "index_key": 1,
          "schema_version": 1,
          "attributes": {
            "ami": "ami-830c94e3",
            "arn": "arn:aws:ec2:us-east-1::instance/i-c9edd4cdf617b33bf",
            "associate_public_ip_address": true,
            "availability_zone": "us-east-1a",
            "capacity_reservation_specification": [],
            "cpu_core_count": null,
            "cpu_threads_per_core": null,
            "credit_specification": [
              {
                "cpu_credits": "standard"
              }
            ],
            "disable_api_termination": false,
            "ebs_block_device": [],
            "ebs_optimized": false,
            "enclave_options": [],
            "ephemeral_block_device": [],
            "get_password_data": false,
            "hibernation": null,
            "host_id": null,
            "iam_instance_profile": "",
            "id": "i-c9edd4cdf617b33bf",
            "instance_initiated_shutdown_behavior": "stop",
            "instance_state": "running",
            "instance_type": "t2.micro",
            "ipv6_address_count": 0,
            "ipv6_addresses": [],
            "key_name": "",
            "launch_template": [],
            "metadata_options": [],
            "monitoring": false,
            "network_interface": [],
            "outpost_arn": "",
            "password_data": "",
            "placement_group": "",
            "placement_partition_number": null,
            "primary_network_interface_id": "eni-50f4d8ee",
            "private_dns": "ip-10-67-82-94.ec2.internal",
            "private_ip": "10.67.82.94",
            "public_dns": "ec2-54-214-196-77.compute-1.amazonaws.com",
            "public_ip": "54.214.196.77",
            "root_block_device": [
              {
                "delete_on_termination": true,
                "device_name": "/dev/sda1",
                "encrypted": false,
                "iops": 0,
                "kms_key_id": "",
                "tags": {},
                "throughput": 0,
                "volume_id": "vol-f4be96af",
                "volume_size": 8,
                "volume_type": "gp2"
              }
            ],
            "secondary_private_ips": [],
            "security_groups": [],
            "source_dest_check": true,
            "subnet_id": "subnet-2b4ef295",
            "tags": {
              "Name": "Server2"
            },
            "tags_all": {
              "Name": "Server2"
            },
            "tenancy": "default",
            "timeouts": null,
            "user_data": null,
            "user_data_base64": null,
            "volume_tags": null,
            "vpc_security_group_ids": []
          },
          "sensitive_attributes": [],
          "private": "eyJlMmJmYjczMC1lY2FhLTExZTYtOGY4OC0zNDM2M2JjN2M0YzAiOnsiY3JlYXRlIjo2MDAwMDAwMDAwMDAsImRlbGV0ZSI6MTIwMDAwMDAwMDAwMCwidXBkYXRlIjo2MDAwMDAwMDAwMDB9LCJzY2hlbWFfdmVyc2lvbiI6IjEifQ=="
        },
        {
          "index_key": 2,
          "schema_version": 1,
          "attributes": {
            "ami": "ami-830c94e3",
            "arn": "arn:aws:ec2:us-east-1::instance/i-d61d56fad97ce406b",
            "associate_public_ip_address": true,
            "availability_zone": "us-east-1a",
            "capacity_reservation_specification": [],
            "cpu_core_count": null,
            "cpu_threads_per_core": null,
            "credit_specification": [
              {
                "cpu_credits": "standard"
              }
            ],
            "disable_api_termination": false,
            "ebs_block_device": [],
            "ebs_optimized": false,
            "enclave_options": [],
            "ephemeral_block_device": [],
            "get_password_data": false,
            "hibernation": null,
            "host_id": null,
            "iam_instance_profile": "",
            "id": "i-d61d56fad97ce406b",
            "instance_initiated_shutdown_behavior": "stop",
            "instance_state": "running",
            "instance_type": "t2.micro",
            "ipv6_address_count": 0,
            "ipv6_addresses": [],
            "key_name": "",
            "launch_template": [],
            "metadata_options": [],
            "monitoring": false,
            "network_interface": [],
            "outpost_arn": "",
            "password_data": "",
            "placement_group": "",
            "placement_partition_number": null,
            "primary_network_interface_id": "eni-4884d128",
            "private_dns": "ip-10-252-242-207.ec2.internal",
            "private_ip": "10.252.242.207",
            "public_dns": "ec2-54-214-193-102.compute-1.amazonaws.com",
            "public_ip": "54.214.193.102",
            "root_block_device": [
              {
                "delete_on_termination": true,
                "device_name": "/dev/sda1",
                "encrypted": false,
                "iops": 0,
                "kms_key_id": "",
                "tags": {},
                "throughput": 0,
                "volume_id": "vol-c6cba450",
                "volume_size": 8,
                "volume_type": "gp2"
              }
            ],
            "secondary_private_ips": [],
            "security_groups": [],
            "source_dest_check": true,
            "subnet_id": "subnet-2b4ef295",
            "tags": {
              "Name": "Server3"
            },
            "tags_all": {
              "Name": "Server3"
            },
            "tenancy": "default",
            "timeouts": null,
            "user_data": null,
            "user_data_base64": null,
            "volume_tags": null,
            "vpc_security_group_ids": []
          },
          "sensitive_attributes": [],
          "private": "eyJlMmJmYjczMC1lY2FhLTExZTYtOGY4OC0zNDM2M2JjN2M0YzAiOnsiY3JlYXRlIjo2MDAwMDAwMDAwMDAsImRlbGV0ZSI6MTIwMDAwMDAwMDAwMCwidXBkYXRlIjo2MDAwMDAwMDAwMDB9LCJzY2hlbWFfdmVyc2lvbiI6IjEifQ=="
        }
      ]
    },
    {
      "mode": "managed",
      "type": "aws_sns_topic",
      "name": "test",
      "provider": "provider[\"registry.terraform.io/hashicorp/aws\"]",
      "instances": [
        {
          "schema_version": 0,
          "attributes": {
            "application_failure_feedback_role_arn": "",
            "application_success_feedback_role_arn": "",
            "application_success_feedback_sample_rate": 0,
            "arn": "arn:aws:sns:us-east-1:000000000000:default-test-local-topic",
            "content_based_deduplication": false,
            "delivery_policy": "",
            "display_name": "",
            "fifo_topic": false,
            "firehose_failure_feedback_role_arn": "",
            "firehose_success_feedback_role_arn": "",
            "firehose_success_feedback_sample_rate": 0,
            "http_failure_feedback_role_arn": "",
            "http_success_feedback_role_arn": "",
            "http_success_feedback_sample_rate": 0,
            "id": "arn:aws:sns:us-east-1:000000000000:default-test-local-topic",
            "kms_master_key_id": "",
            "lambda_failure_feedback_role_arn": "",
            "lambda_success_feedback_role_arn": "",
            "lambda_success_feedback_sample_rate": 0,
            "name": "default-test-local-topic",
            "name_prefix": "",
            "owner": "000000000000",
            "policy": "{\"Id\":\"default-test-local-topic_default_policy_id\",\"Statement\":[{\"Action\":[\"SNS:Subscribe\",\"SNS:SetTopicAttributes\",\"SNS:RemovePermission\",\"SNS:Receive\",\"SNS:Publish\",\"SNS:ListSubscriptionsByTopic\",\"SNS:GetTopicAttributes\",\"SNS:DeleteTopic\",\"SNS:AddPermission\"],\"Condition\":{\"StringEquals\":{\"AWS:SourceOwner\":\"000000000000\"}},\"Effect\":\"Allow\",\"Principal\":{\"AWS\":\"*\"},\"Resource\":\"*\",\"Sid\":\"default-test-local-topic_default_statement_id\"}],\"Version\":\"2012-10-17\"}",
            "sqs_failure_feedback_role_arn": "",
            "sqs_success_feedback_role_arn": "",
            "sqs_success_feedback_sample_rate": 0,
            "tags": {
              "name": "api-local-test-terraform-v2",
              "project": "api-test-local-terraform"
            },
            "tags_all": {
              "name": "api-local-test-terraform-v2",
              "project": "api-test-local-terraform"
            }
          },
          "sensitive_attributes": [],
          "private": "bnVsbA=="
        }
      ]
    },
    {
      "mode": "managed",
      "type": "aws_sns_topic_policy",
      "name": "default",
      "provider": "provider[\"registry.terraform.io/hashicorp/aws\"]",
      "instances": [
        {
          "schema_version": 0,
          "attributes": {
            "arn": "arn:aws:sns:us-east-1:000000000000:default-test-local-topic",
            "id": "arn:aws:sns:us-east-1:000000000000:default-test-local-topic",
            "owner": "000000000000",
            "policy": "{\"Id\":\"default-test-local-topic_default_policy_id\",\"Statement\":[{\"Action\":[\"SNS:Subscribe\",\"SNS:SetTopicAttributes\",\"SNS:RemovePermission\",\"SNS:Receive\",\"SNS:Publish\",\"SNS:ListSubscriptionsByTopic\",\"SNS:GetTopicAttributes\",\"SNS:DeleteTopic\",\"SNS:AddPermission\"],\"Condition\":{\"StringEquals\":{\"AWS:SourceOwner\":\"000000000000\"}},\"Effect\":\"Allow\",\"Principal\":{\"AWS\":\"*\"},\"Resource\":\"*\",\"Sid\":\"default-test-local-topic_default_statement_id\"}],\"Version\":\"2012-10-17\"}"
          },
          "sensitive_attributes": [],
          "private": "bnVsbA==",
          "dependencies": [
            "aws_sns_topic.test",
            "data.aws_iam_policy_document.sns_topic_policy"
          ]
        }
      ]
    },
    {
      "mode": "managed",
      "type": "aws_sns_topic_subscription",
      "name": "test_queue_subsc",
      "provider": "provider[\"registry.terraform.io/hashicorp/aws\"]",
      "instances": [
        {
          "schema_version": 0,
          "attributes": {
            "arn": "arn:aws:sns:us-east-1:000000000000:default-test-local-topic:de7be7a3-78ed-49fd-9f48-247b5726a22b",
            "confirmation_timeout_in_minutes": 1,
            "confirmation_was_authenticated": false,
            "delivery_policy": "",
            "endpoint": "arn:aws:sqs:us-east-1:000000000000:default-test-queue",
            "endpoint_auto_confirms": false,
            "filter_policy": "{\"event\": [\"ap_user_created\"]}",
            "id": "arn:aws:sns:us-east-1:000000000000:default-test-local-topic:de7be7a3-78ed-49fd-9f48-247b5726a22b",
            "owner_id": "",
            "pending_confirmation": false,
            "protocol": "sqs",
            "raw_message_delivery": true,
            "redrive_policy": "",
            "subscription_role_arn": "",
            "topic_arn": "arn:aws:sns:us-east-1:000000000000:default-test-local-topic"
          },
          "sensitive_attributes": [],
          "private": "bnVsbA==",
          "dependencies": [
            "aws_sns_topic.test",
            "aws_sqs_queue.test_queue",
            "aws_sqs_queue.test_queue_dead_letter"
          ]
        }
      ]
    },
    {
      "mode": "managed",
      "type": "aws_sqs_queue",
      "name": "test_queue",
      "provider": "provider[\"registry.terraform.io/hashicorp/aws\"]",
      "instances": [
        {
          "schema_version": 0,
          "attributes": {
            "arn": "arn:aws:sqs:us-east-1:000000000000:default-test-queue",
            "content_based_deduplication": false,
            "deduplication_scope": "",
            "delay_seconds": 0,
            "fifo_queue": false,
            "fifo_throughput_limit": "",
            "id": "http://localhost:4566/000000000000/default-test-queue",
            "kms_data_key_reuse_period_seconds": 300,
            "kms_master_key_id": "",
            "max_message_size": 262144,
            "message_retention_seconds": 345600,
            "name": "default-test-queue",
            "name_prefix": "",
            "policy": "{\"Id\":\"sqsPolicy\",\"Statement\":[{\"Action\":\"sqs:*\",\"Condition\":{\"AreEquals\":{\"aws:SourceArn\":\"arn:aws:sns:us-east-1:000000000000:default-test-local-topic\"}},\"Effect\":\"Allow\",\"Principal\":\"*\",\"Resource\":\"*\",\"Sid\":\"First\"}],\"Version\":\"2012-10-17\"}",
            "receive_wait_time_seconds": 0,
            "redrive_allow_policy": "",
            "redrive_policy": "{\"deadLetterTargetArn\":\"arn:aws:sqs:us-east-1:000000000000:default-test-queue-dead-letter\",\"maxReceiveCount\":5}",
            "sqs_managed_sse_enabled": false,
            "tags": {
              "name": "api-local-test-terraform-v2",
              "project": "api-test-local-terraform"
            },
            "tags_all": {
              "name": "api-local-test-terraform-v2",
              "project": "api-test-local-terraform"
            },
            "url": "http://localhost:4566/000000000000/default-test-queue",
            "visibility_timeout_seconds": 30
          },
          "sensitive_attributes": [],
          "private": "bnVsbA==",
          "dependencies": [
            "aws_sns_topic.test",
            "aws_sqs_queue.test_queue_dead_letter"
          ]
        }
      ]
    },
    {
      "mode": "managed",
      "type": "aws_sqs_queue",
      "name": "test_queue_dead_letter",
      "provider": "provider[\"registry.terraform.io/hashicorp/aws\"]",
      "instances": [
        {
          "schema_version": 0,
          "attributes": {
            "arn": "arn:aws:sqs:us-east-1:000000000000:default-test-queue-dead-letter",
            "content_based_deduplication": false,
            "deduplication_scope": "",
            "delay_seconds": 0,
            "fifo_queue": false,
            "fifo_throughput_limit": "",
            "id": "http://localhost:4566/000000000000/default-test-queue-dead-letter",
            "kms_data_key_reuse_period_seconds": 300,
            "kms_master_key_id": "",
            "max_message_size": 262144,
            "message_retention_seconds": 1209600,
            "name": "default-test-queue-dead-letter",
            "name_prefix": "",
            "policy": "",
            "receive_wait_time_seconds": 0,
            "redrive_allow_policy": "",
            "redrive_policy": "",
            "sqs_managed_sse_enabled": false,
            "tags": {
              "name": "api-local-test-terraform-v2",
              "project": "api-test-local-terraform"
            },
            "tags_all": {
              "name": "api-local-test-terraform-v2",
              "project": "api-test-local-terraform"
            },
            "url": "http://localhost:4566/000000000000/default-test-queue-dead-letter",
            "visibility_timeout_seconds": 30
          },
          "sensitive_attributes": [],
          "private": "bnVsbA=="
        }
      ]
    }
  ],
  "check_results": []
}
